
Microsoft Visual Studio Solution File, Format Version 12.00
# Visual Studio Version 17
VisualStudioVersion = 17.8.34511.84
MinimumVisualStudioVersion = 10.0.40219.1
Project("{8BC9CEB8-8B4A-11D0-8D11-00A0C91BC942}") = "palss", "palss.vcxproj", "{EDE11AFC-A8BE-4066-9E8E-1E1DCBA5BAF7}"
	ProjectSection(ProjectDependencies) = postProject
		{D6973076-9317-4EF2-A0B8-B7A18AC0713E} = {D6973076-9317-4EF2-A0B8-B7A18AC0713E}
	EndProjectSection
EndProject
Project("{FAE04EC0-301F-11D3-BF4B-00C04F79EFBC}") = "convert", "convert\convert.csproj", "{9BB24C89-2B85-49F4-85EC-7CD9664497AF}"
EndProject
Project("{8BC9CEB8-8B4A-11D0-8D11-00A0C91BC942}") = "libpng", "libpng\projects\vstudio\libpng\libpng.vcxproj", "{D6973076-9317-4EF2-A0B8-B7A18AC0713E}"
EndProject
Project("{8BC9CEB8-8B4A-11D0-8D11-00A0C91BC942}") = "zlibvc", "zlib\contrib\vstudio\vc17\zlibvc.vcxproj", "{8FD826F8-3739-44E6-8CC8-997122E53B8D}"
EndProject
Global
	GlobalSection(SolutionConfigurationPlatforms) = preSolution
		Debug Library|Any CPU = Debug Library|Any CPU
		Debug Library|ARM = Debug Library|ARM
		Debug Library|ARM64 = Debug Library|ARM64
		Debug Library|Mixed Platforms = Debug Library|Mixed Platforms
		Debug Library|Win32 = Debug Library|Win32
		Debug Library|x64 = Debug Library|x64
		Debug|Any CPU = Debug|Any CPU
		Debug|ARM = Debug|ARM
		Debug|ARM64 = Debug|ARM64
		Debug|Mixed Platforms = Debug|Mixed Platforms
		Debug|Win32 = Debug|Win32
		Debug|x64 = Debug|x64
		Release Library|Any CPU = Release Library|Any CPU
		Release Library|ARM = Release Library|ARM
		Release Library|ARM64 = Release Library|ARM64
		Release Library|Mixed Platforms = Release Library|Mixed Platforms
		Release Library|Win32 = Release Library|Win32
		Release Library|x64 = Release Library|x64
		Release|Any CPU = Release|Any CPU
		Release|ARM = Release|ARM
		Release|ARM64 = Release|ARM64
		Release|Mixed Platforms = Release|Mixed Platforms
		Release|Win32 = Release|Win32
		Release|x64 = Release|x64
		ReleaseWithoutAsm|Any CPU = ReleaseWithoutAsm|Any CPU
		ReleaseWithoutAsm|ARM = ReleaseWithoutAsm|ARM
		ReleaseWithoutAsm|ARM64 = ReleaseWithoutAsm|ARM64
		ReleaseWithoutAsm|Mixed Platforms = ReleaseWithoutAsm|Mixed Platforms
		ReleaseWithoutAsm|Win32 = ReleaseWithoutAsm|Win32
		ReleaseWithoutAsm|x64 = ReleaseWithoutAsm|x64
	EndGlobalSection
	GlobalSection(ProjectConfigurationPlatforms) = postSolution
		{EDE11AFC-A8BE-4066-9E8E-1E1DCBA5BAF7}.Debug Library|Any CPU.ActiveCfg = Debug|Win32
		{EDE11AFC-A8BE-4066-9E8E-1E1DCBA5BAF7}.Debug Library|Any CPU.Build.0 = Debug|Win32
		{EDE11AFC-A8BE-4066-9E8E-1E1DCBA5BAF7}.Debug Library|ARM.ActiveCfg = Debug|Win32
		{EDE11AFC-A8BE-4066-9E8E-1E1DCBA5BAF7}.Debug Library|ARM.Build.0 = Debug|Win32
		{EDE11AFC-A8BE-4066-9E8E-1E1DCBA5BAF7}.Debug Library|ARM64.ActiveCfg = Debug|Win32
		{EDE11AFC-A8BE-4066-9E8E-1E1DCBA5BAF7}.Debug Library|ARM64.Build.0 = Debug|Win32
		{EDE11AFC-A8BE-4066-9E8E-1E1DCBA5BAF7}.Debug Library|Mixed Platforms.ActiveCfg = Debug|Win32
		{EDE11AFC-A8BE-4066-9E8E-1E1DCBA5BAF7}.Debug Library|Mixed Platforms.Build.0 = Debug|Win32
		{EDE11AFC-A8BE-4066-9E8E-1E1DCBA5BAF7}.Debug Library|Win32.ActiveCfg = Debug|Win32
		{EDE11AFC-A8BE-4066-9E8E-1E1DCBA5BAF7}.Debug Library|Win32.Build.0 = Debug|Win32
		{EDE11AFC-A8BE-4066-9E8E-1E1DCBA5BAF7}.Debug Library|x64.ActiveCfg = Debug|Win32
		{EDE11AFC-A8BE-4066-9E8E-1E1DCBA5BAF7}.Debug Library|x64.Build.0 = Debug|Win32
		{EDE11AFC-A8BE-4066-9E8E-1E1DCBA5BAF7}.Debug|Any CPU.ActiveCfg = Debug|Win32
		{EDE11AFC-A8BE-4066-9E8E-1E1DCBA5BAF7}.Debug|ARM.ActiveCfg = Debug|Win32
		{EDE11AFC-A8BE-4066-9E8E-1E1DCBA5BAF7}.Debug|ARM.Build.0 = Debug|Win32
		{EDE11AFC-A8BE-4066-9E8E-1E1DCBA5BAF7}.Debug|ARM64.ActiveCfg = Debug|Win32
		{EDE11AFC-A8BE-4066-9E8E-1E1DCBA5BAF7}.Debug|ARM64.Build.0 = Debug|Win32
		{EDE11AFC-A8BE-4066-9E8E-1E1DCBA5BAF7}.Debug|Mixed Platforms.ActiveCfg = Debug|Win32
		{EDE11AFC-A8BE-4066-9E8E-1E1DCBA5BAF7}.Debug|Mixed Platforms.Build.0 = Debug|Win32
		{EDE11AFC-A8BE-4066-9E8E-1E1DCBA5BAF7}.Debug|Win32.ActiveCfg = Debug|Win32
		{EDE11AFC-A8BE-4066-9E8E-1E1DCBA5BAF7}.Debug|Win32.Build.0 = Debug|Win32
		{EDE11AFC-A8BE-4066-9E8E-1E1DCBA5BAF7}.Debug|x64.ActiveCfg = Debug|Win32
		{EDE11AFC-A8BE-4066-9E8E-1E1DCBA5BAF7}.Debug|x64.Build.0 = Debug|Win32
		{EDE11AFC-A8BE-4066-9E8E-1E1DCBA5BAF7}.Release Library|Any CPU.ActiveCfg = Release|Win32
		{EDE11AFC-A8BE-4066-9E8E-1E1DCBA5BAF7}.Release Library|Any CPU.Build.0 = Release|Win32
		{EDE11AFC-A8BE-4066-9E8E-1E1DCBA5BAF7}.Release Library|ARM.ActiveCfg = Release|Win32
		{EDE11AFC-A8BE-4066-9E8E-1E1DCBA5BAF7}.Release Library|ARM.Build.0 = Release|Win32
		{EDE11AFC-A8BE-4066-9E8E-1E1DCBA5BAF7}.Release Library|ARM64.ActiveCfg = Release|Win32
		{EDE11AFC-A8BE-4066-9E8E-1E1DCBA5BAF7}.Release Library|ARM64.Build.0 = Release|Win32
		{EDE11AFC-A8BE-4066-9E8E-1E1DCBA5BAF7}.Release Library|Mixed Platforms.ActiveCfg = Release|Win32
		{EDE11AFC-A8BE-4066-9E8E-1E1DCBA5BAF7}.Release Library|Mixed Platforms.Build.0 = Release|Win32
		{EDE11AFC-A8BE-4066-9E8E-1E1DCBA5BAF7}.Release Library|Win32.ActiveCfg = Release|Win32
		{EDE11AFC-A8BE-4066-9E8E-1E1DCBA5BAF7}.Release Library|Win32.Build.0 = Release|Win32
		{EDE11AFC-A8BE-4066-9E8E-1E1DCBA5BAF7}.Release Library|x64.ActiveCfg = Release|Win32
		{EDE11AFC-A8BE-4066-9E8E-1E1DCBA5BAF7}.Release Library|x64.Build.0 = Release|Win32
		{EDE11AFC-A8BE-4066-9E8E-1E1DCBA5BAF7}.Release|Any CPU.ActiveCfg = Release|Win32
		{EDE11AFC-A8BE-4066-9E8E-1E1DCBA5BAF7}.Release|ARM.ActiveCfg = Release|Win32
		{EDE11AFC-A8BE-4066-9E8E-1E1DCBA5BAF7}.Release|ARM.Build.0 = Release|Win32
		{EDE11AFC-A8BE-4066-9E8E-1E1DCBA5BAF7}.Release|ARM64.ActiveCfg = Release|Win32
		{EDE11AFC-A8BE-4066-9E8E-1E1DCBA5BAF7}.Release|ARM64.Build.0 = Release|Win32
		{EDE11AFC-A8BE-4066-9E8E-1E1DCBA5BAF7}.Release|Mixed Platforms.ActiveCfg = Release|Win32
		{EDE11AFC-A8BE-4066-9E8E-1E1DCBA5BAF7}.Release|Mixed Platforms.Build.0 = Release|Win32
		{EDE11AFC-A8BE-4066-9E8E-1E1DCBA5BAF7}.Release|Win32.ActiveCfg = Release|Win32
		{EDE11AFC-A8BE-4066-9E8E-1E1DCBA5BAF7}.Release|Win32.Build.0 = Release|Win32
		{EDE11AFC-A8BE-4066-9E8E-1E1DCBA5BAF7}.Release|x64.ActiveCfg = Release|Win32
		{EDE11AFC-A8BE-4066-9E8E-1E1DCBA5BAF7}.Release|x64.Build.0 = Release|Win32
		{EDE11AFC-A8BE-4066-9E8E-1E1DCBA5BAF7}.ReleaseWithoutAsm|Any CPU.ActiveCfg = Release|Win32
		{EDE11AFC-A8BE-4066-9E8E-1E1DCBA5BAF7}.ReleaseWithoutAsm|Any CPU.Build.0 = Release|Win32
		{EDE11AFC-A8BE-4066-9E8E-1E1DCBA5BAF7}.ReleaseWithoutAsm|ARM.ActiveCfg = Release|Win32
		{EDE11AFC-A8BE-4066-9E8E-1E1DCBA5BAF7}.ReleaseWithoutAsm|ARM.Build.0 = Release|Win32
		{EDE11AFC-A8BE-4066-9E8E-1E1DCBA5BAF7}.ReleaseWithoutAsm|ARM64.ActiveCfg = Release|Win32
		{EDE11AFC-A8BE-4066-9E8E-1E1DCBA5BAF7}.ReleaseWithoutAsm|ARM64.Build.0 = Release|Win32
		{EDE11AFC-A8BE-4066-9E8E-1E1DCBA5BAF7}.ReleaseWithoutAsm|Mixed Platforms.ActiveCfg = Release|Win32
		{EDE11AFC-A8BE-4066-9E8E-1E1DCBA5BAF7}.ReleaseWithoutAsm|Mixed Platforms.Build.0 = Release|Win32
		{EDE11AFC-A8BE-4066-9E8E-1E1DCBA5BAF7}.ReleaseWithoutAsm|Win32.ActiveCfg = Release|Win32
		{EDE11AFC-A8BE-4066-9E8E-1E1DCBA5BAF7}.ReleaseWithoutAsm|Win32.Build.0 = Release|Win32
		{EDE11AFC-A8BE-4066-9E8E-1E1DCBA5BAF7}.ReleaseWithoutAsm|x64.ActiveCfg = Release|Win32
		{EDE11AFC-A8BE-4066-9E8E-1E1DCBA5BAF7}.ReleaseWithoutAsm|x64.Build.0 = Release|Win32
		{9BB24C89-2B85-49F4-85EC-7CD9664497AF}.Debug Library|Any CPU.ActiveCfg = Debug|Any CPU
		{9BB24C89-2B85-49F4-85EC-7CD9664497AF}.Debug Library|Any CPU.Build.0 = Debug|Any CPU
		{9BB24C89-2B85-49F4-85EC-7CD9664497AF}.Debug Library|ARM.ActiveCfg = Debug|Any CPU
		{9BB24C89-2B85-49F4-85EC-7CD9664497AF}.Debug Library|ARM.Build.0 = Debug|Any CPU
		{9BB24C89-2B85-49F4-85EC-7CD9664497AF}.Debug Library|ARM64.ActiveCfg = Debug|Any CPU
		{9BB24C89-2B85-49F4-85EC-7CD9664497AF}.Debug Library|ARM64.Build.0 = Debug|Any CPU
		{9BB24C89-2B85-49F4-85EC-7CD9664497AF}.Debug Library|Mixed Platforms.ActiveCfg = Debug|Any CPU
		{9BB24C89-2B85-49F4-85EC-7CD9664497AF}.Debug Library|Mixed Platforms.Build.0 = Debug|Any CPU
		{9BB24C89-2B85-49F4-85EC-7CD9664497AF}.Debug Library|Win32.ActiveCfg = Debug|Any CPU
		{9BB24C89-2B85-49F4-85EC-7CD9664497AF}.Debug Library|Win32.Build.0 = Debug|Any CPU
		{9BB24C89-2B85-49F4-85EC-7CD9664497AF}.Debug Library|x64.ActiveCfg = Debug|Any CPU
		{9BB24C89-2B85-49F4-85EC-7CD9664497AF}.Debug Library|x64.Build.0 = Debug|Any CPU
		{9BB24C89-2B85-49F4-85EC-7CD9664497AF}.Debug|Any CPU.ActiveCfg = Debug|Any CPU
		{9BB24C89-2B85-49F4-85EC-7CD9664497AF}.Debug|Any CPU.Build.0 = Debug|Any CPU
		{9BB24C89-2B85-49F4-85EC-7CD9664497AF}.Debug|ARM.ActiveCfg = Debug|Any CPU
		{9BB24C89-2B85-49F4-85EC-7CD9664497AF}.Debug|ARM.Build.0 = Debug|Any CPU
		{9BB24C89-2B85-49F4-85EC-7CD9664497AF}.Debug|ARM64.ActiveCfg = Debug|Any CPU
		{9BB24C89-2B85-49F4-85EC-7CD9664497AF}.Debug|ARM64.Build.0 = Debug|Any CPU
		{9BB24C89-2B85-49F4-85EC-7CD9664497AF}.Debug|Mixed Platforms.ActiveCfg = Debug|Any CPU
		{9BB24C89-2B85-49F4-85EC-7CD9664497AF}.Debug|Mixed Platforms.Build.0 = Debug|Any CPU
		{9BB24C89-2B85-49F4-85EC-7CD9664497AF}.Debug|Win32.ActiveCfg = Debug|Any CPU
		{9BB24C89-2B85-49F4-85EC-7CD9664497AF}.Debug|x64.ActiveCfg = Debug|Any CPU
		{9BB24C89-2B85-49F4-85EC-7CD9664497AF}.Debug|x64.Build.0 = Debug|Any CPU
		{9BB24C89-2B85-49F4-85EC-7CD9664497AF}.Release Library|Any CPU.ActiveCfg = Release|Any CPU
		{9BB24C89-2B85-49F4-85EC-7CD9664497AF}.Release Library|Any CPU.Build.0 = Release|Any CPU
		{9BB24C89-2B85-49F4-85EC-7CD9664497AF}.Release Library|ARM.ActiveCfg = Release|Any CPU
		{9BB24C89-2B85-49F4-85EC-7CD9664497AF}.Release Library|ARM.Build.0 = Release|Any CPU
		{9BB24C89-2B85-49F4-85EC-7CD9664497AF}.Release Library|ARM64.ActiveCfg = Release|Any CPU
		{9BB24C89-2B85-49F4-85EC-7CD9664497AF}.Release Library|ARM64.Build.0 = Release|Any CPU
		{9BB24C89-2B85-49F4-85EC-7CD9664497AF}.Release Library|Mixed Platforms.ActiveCfg = Release|Any CPU
		{9BB24C89-2B85-49F4-85EC-7CD9664497AF}.Release Library|Mixed Platforms.Build.0 = Release|Any CPU
		{9BB24C89-2B85-49F4-85EC-7CD9664497AF}.Release Library|Win32.ActiveCfg = Release|Any CPU
		{9BB24C89-2B85-49F4-85EC-7CD9664497AF}.Release Library|Win32.Build.0 = Release|Any CPU
		{9BB24C89-2B85-49F4-85EC-7CD9664497AF}.Release Library|x64.ActiveCfg = Release|Any CPU
		{9BB24C89-2B85-49F4-85EC-7CD9664497AF}.Release Library|x64.Build.0 = Release|Any CPU
		{9BB24C89-2B85-49F4-85EC-7CD9664497AF}.Release|Any CPU.ActiveCfg = Release|Any CPU
		{9BB24C89-2B85-49F4-85EC-7CD9664497AF}.Release|Any CPU.Build.0 = Release|Any CPU
		{9BB24C89-2B85-49F4-85EC-7CD9664497AF}.Release|ARM.ActiveCfg = Release|Any CPU
		{9BB24C89-2B85-49F4-85EC-7CD9664497AF}.Release|ARM.Build.0 = Release|Any CPU
		{9BB24C89-2B85-49F4-85EC-7CD9664497AF}.Release|ARM64.ActiveCfg = Release|Any CPU
		{9BB24C89-2B85-49F4-85EC-7CD9664497AF}.Release|ARM64.Build.0 = Release|Any CPU
		{9BB24C89-2B85-49F4-85EC-7CD9664497AF}.Release|Mixed Platforms.ActiveCfg = Release|Any CPU
		{9BB24C89-2B85-49F4-85EC-7CD9664497AF}.Release|Mixed Platforms.Build.0 = Release|Any CPU
		{9BB24C89-2B85-49F4-85EC-7CD9664497AF}.Release|Win32.ActiveCfg = Release|Any CPU
		{9BB24C89-2B85-49F4-85EC-7CD9664497AF}.Release|x64.ActiveCfg = Release|Any CPU
		{9BB24C89-2B85-49F4-85EC-7CD9664497AF}.Release|x64.Build.0 = Release|Any CPU
		{9BB24C89-2B85-49F4-85EC-7CD9664497AF}.ReleaseWithoutAsm|Any CPU.ActiveCfg = Release|Any CPU
		{9BB24C89-2B85-49F4-85EC-7CD9664497AF}.ReleaseWithoutAsm|Any CPU.Build.0 = Release|Any CPU
		{9BB24C89-2B85-49F4-85EC-7CD9664497AF}.ReleaseWithoutAsm|ARM.ActiveCfg = Release|Any CPU
		{9BB24C89-2B85-49F4-85EC-7CD9664497AF}.ReleaseWithoutAsm|ARM.Build.0 = Release|Any CPU
		{9BB24C89-2B85-49F4-85EC-7CD9664497AF}.ReleaseWithoutAsm|ARM64.ActiveCfg = Release|Any CPU
		{9BB24C89-2B85-49F4-85EC-7CD9664497AF}.ReleaseWithoutAsm|ARM64.Build.0 = Release|Any CPU
		{9BB24C89-2B85-49F4-85EC-7CD9664497AF}.ReleaseWithoutAsm|Mixed Platforms.ActiveCfg = Release|Any CPU
		{9BB24C89-2B85-49F4-85EC-7CD9664497AF}.ReleaseWithoutAsm|Mixed Platforms.Build.0 = Release|Any CPU
		{9BB24C89-2B85-49F4-85EC-7CD9664497AF}.ReleaseWithoutAsm|Win32.ActiveCfg = Release|Any CPU
		{9BB24C89-2B85-49F4-85EC-7CD9664497AF}.ReleaseWithoutAsm|Win32.Build.0 = Release|Any CPU
		{9BB24C89-2B85-49F4-85EC-7CD9664497AF}.ReleaseWithoutAsm|x64.ActiveCfg = Release|Any CPU
		{9BB24C89-2B85-49F4-85EC-7CD9664497AF}.ReleaseWithoutAsm|x64.Build.0 = Release|Any CPU
		{D6973076-9317-4EF2-A0B8-B7A18AC0713E}.Debug Library|Any CPU.ActiveCfg = Debug Library|Win32
		{D6973076-9317-4EF2-A0B8-B7A18AC0713E}.Debug Library|Any CPU.Build.0 = Debug Library|Win32
		{D6973076-9317-4EF2-A0B8-B7A18AC0713E}.Debug Library|ARM.ActiveCfg = Debug Library|Win32
		{D6973076-9317-4EF2-A0B8-B7A18AC0713E}.Debug Library|ARM.Build.0 = Debug Library|Win32
		{D6973076-9317-4EF2-A0B8-B7A18AC0713E}.Debug Library|ARM64.ActiveCfg = Debug Library|ARM64
		{D6973076-9317-4EF2-A0B8-B7A18AC0713E}.Debug Library|ARM64.Build.0 = Debug Library|ARM64
		{D6973076-9317-4EF2-A0B8-B7A18AC0713E}.Debug Library|Mixed Platforms.ActiveCfg = Debug Library|Win32
		{D6973076-9317-4EF2-A0B8-B7A18AC0713E}.Debug Library|Mixed Platforms.Build.0 = Debug Library|Win32
		{D6973076-9317-4EF2-A0B8-B7A18AC0713E}.Debug Library|Win32.ActiveCfg = Debug Library|Win32
		{D6973076-9317-4EF2-A0B8-B7A18AC0713E}.Debug Library|Win32.Build.0 = Debug Library|Win32
		{D6973076-9317-4EF2-A0B8-B7A18AC0713E}.Debug Library|x64.ActiveCfg = Debug Library|Win32
		{D6973076-9317-4EF2-A0B8-B7A18AC0713E}.Debug Library|x64.Build.0 = Debug Library|Win32
		{D6973076-9317-4EF2-A0B8-B7A18AC0713E}.Debug|Any CPU.ActiveCfg = Debug|Win32
		{D6973076-9317-4EF2-A0B8-B7A18AC0713E}.Debug|Any CPU.Build.0 = Debug|Win32
		{D6973076-9317-4EF2-A0B8-B7A18AC0713E}.Debug|ARM.ActiveCfg = Debug|Win32
		{D6973076-9317-4EF2-A0B8-B7A18AC0713E}.Debug|ARM.Build.0 = Debug|Win32
		{D6973076-9317-4EF2-A0B8-B7A18AC0713E}.Debug|ARM64.ActiveCfg = Debug|ARM64
		{D6973076-9317-4EF2-A0B8-B7A18AC0713E}.Debug|ARM64.Build.0 = Debug|ARM64
		{D6973076-9317-4EF2-A0B8-B7A18AC0713E}.Debug|Mixed Platforms.ActiveCfg = Debug|Win32
		{D6973076-9317-4EF2-A0B8-B7A18AC0713E}.Debug|Mixed Platforms.Build.0 = Debug|Win32
		{D6973076-9317-4EF2-A0B8-B7A18AC0713E}.Debug|Win32.ActiveCfg = Debug|Win32
		{D6973076-9317-4EF2-A0B8-B7A18AC0713E}.Debug|Win32.Build.0 = Debug|Win32
		{D6973076-9317-4EF2-A0B8-B7A18AC0713E}.Debug|x64.ActiveCfg = Debug|Win32
		{D6973076-9317-4EF2-A0B8-B7A18AC0713E}.Debug|x64.Build.0 = Debug|Win32
		{D6973076-9317-4EF2-A0B8-B7A18AC0713E}.Release Library|Any CPU.ActiveCfg = Release Library|Win32
		{D6973076-9317-4EF2-A0B8-B7A18AC0713E}.Release Library|Any CPU.Build.0 = Release Library|Win32
		{D6973076-9317-4EF2-A0B8-B7A18AC0713E}.Release Library|ARM.ActiveCfg = Release Library|Win32
		{D6973076-9317-4EF2-A0B8-B7A18AC0713E}.Release Library|ARM.Build.0 = Release Library|Win32
		{D6973076-9317-4EF2-A0B8-B7A18AC0713E}.Release Library|ARM64.ActiveCfg = Release Library|ARM64
		{D6973076-9317-4EF2-A0B8-B7A18AC0713E}.Release Library|ARM64.Build.0 = Release Library|ARM64
		{D6973076-9317-4EF2-A0B8-B7A18AC0713E}.Release Library|Mixed Platforms.ActiveCfg = Release Library|Win32
		{D6973076-9317-4EF2-A0B8-B7A18AC0713E}.Release Library|Mixed Platforms.Build.0 = Release Library|Win32
		{D6973076-9317-4EF2-A0B8-B7A18AC0713E}.Release Library|Win32.ActiveCfg = Release Library|Win32
		{D6973076-9317-4EF2-A0B8-B7A18AC0713E}.Release Library|Win32.Build.0 = Release Library|Win32
		{D6973076-9317-4EF2-A0B8-B7A18AC0713E}.Release Library|x64.ActiveCfg = Release Library|Win32
		{D6973076-9317-4EF2-A0B8-B7A18AC0713E}.Release Library|x64.Build.0 = Release Library|Win32
		{D6973076-9317-4EF2-A0B8-B7A18AC0713E}.Release|Any CPU.ActiveCfg = Release|Win32
		{D6973076-9317-4EF2-A0B8-B7A18AC0713E}.Release|Any CPU.Build.0 = Release|Win32
		{D6973076-9317-4EF2-A0B8-B7A18AC0713E}.Release|ARM.ActiveCfg = Release|Win32
		{D6973076-9317-4EF2-A0B8-B7A18AC0713E}.Release|ARM.Build.0 = Release|Win32
		{D6973076-9317-4EF2-A0B8-B7A18AC0713E}.Release|ARM64.ActiveCfg = Release|ARM64
		{D6973076-9317-4EF2-A0B8-B7A18AC0713E}.Release|ARM64.Build.0 = Release|ARM64
		{D6973076-9317-4EF2-A0B8-B7A18AC0713E}.Release|Mixed Platforms.ActiveCfg = Release|Win32
		{D6973076-9317-4EF2-A0B8-B7A18AC0713E}.Release|Mixed Platforms.Build.0 = Release|Win32
		{D6973076-9317-4EF2-A0B8-B7A18AC0713E}.Release|Win32.ActiveCfg = Release|Win32
		{D6973076-9317-4EF2-A0B8-B7A18AC0713E}.Release|Win32.Build.0 = Release|Win32
		{D6973076-9317-4EF2-A0B8-B7A18AC0713E}.Release|x64.ActiveCfg = Release|Win32
		{D6973076-9317-4EF2-A0B8-B7A18AC0713E}.Release|x64.Build.0 = Release|Win32
		{D6973076-9317-4EF2-A0B8-B7A18AC0713E}.ReleaseWithoutAsm|Any CPU.ActiveCfg = Release Library|Win32
		{D6973076-9317-4EF2-A0B8-B7A18AC0713E}.ReleaseWithoutAsm|Any CPU.Build.0 = Release Library|Win32
		{D6973076-9317-4EF2-A0B8-B7A18AC0713E}.ReleaseWithoutAsm|ARM.ActiveCfg = Release Library|Win32
		{D6973076-9317-4EF2-A0B8-B7A18AC0713E}.ReleaseWithoutAsm|ARM.Build.0 = Release Library|Win32
		{D6973076-9317-4EF2-A0B8-B7A18AC0713E}.ReleaseWithoutAsm|ARM64.ActiveCfg = Release Library|ARM64
		{D6973076-9317-4EF2-A0B8-B7A18AC0713E}.ReleaseWithoutAsm|ARM64.Build.0 = Release Library|ARM64
		{D6973076-9317-4EF2-A0B8-B7A18AC0713E}.ReleaseWithoutAsm|Mixed Platforms.ActiveCfg = Release Library|Win32
		{D6973076-9317-4EF2-A0B8-B7A18AC0713E}.ReleaseWithoutAsm|Mixed Platforms.Build.0 = Release Library|Win32
		{D6973076-9317-4EF2-A0B8-B7A18AC0713E}.ReleaseWithoutAsm|Win32.ActiveCfg = Release Library|Win32
		{D6973076-9317-4EF2-A0B8-B7A18AC0713E}.ReleaseWithoutAsm|Win32.Build.0 = Release Library|Win32
		{D6973076-9317-4EF2-A0B8-B7A18AC0713E}.ReleaseWithoutAsm|x64.ActiveCfg = Release Library|Win32
		{D6973076-9317-4EF2-A0B8-B7A18AC0713E}.ReleaseWithoutAsm|x64.Build.0 = Release Library|Win32
		{8FD826F8-3739-44E6-8CC8-997122E53B8D}.Debug Library|Any CPU.ActiveCfg = Debug|x64
		{8FD826F8-3739-44E6-8CC8-997122E53B8D}.Debug Library|Any CPU.Build.0 = Debug|x64
		{8FD826F8-3739-44E6-8CC8-997122E53B8D}.Debug Library|ARM.ActiveCfg = Debug|ARM
		{8FD826F8-3739-44E6-8CC8-997122E53B8D}.Debug Library|ARM.Build.0 = Debug|ARM
		{8FD826F8-3739-44E6-8CC8-997122E53B8D}.Debug Library|ARM64.ActiveCfg = Debug|ARM64
		{8FD826F8-3739-44E6-8CC8-997122E53B8D}.Debug Library|ARM64.Build.0 = Debug|ARM64
		{8FD826F8-3739-44E6-8CC8-997122E53B8D}.Debug Library|Mixed Platforms.ActiveCfg = Debug|x64
		{8FD826F8-3739-44E6-8CC8-997122E53B8D}.Debug Library|Mixed Platforms.Build.0 = Debug|x64
		{8FD826F8-3739-44E6-8CC8-997122E53B8D}.Debug Library|Win32.ActiveCfg = Debug|Win32
		{8FD826F8-3739-44E6-8CC8-997122E53B8D}.Debug Library|Win32.Build.0 = Debug|Win32
		{8FD826F8-3739-44E6-8CC8-997122E53B8D}.Debug Library|x64.ActiveCfg = Debug|x64
		{8FD826F8-3739-44E6-8CC8-997122E53B8D}.Debug Library|x64.Build.0 = Debug|x64
		{8FD826F8-3739-44E6-8CC8-997122E53B8D}.Debug|Any CPU.ActiveCfg = Debug|x64
		{8FD826F8-3739-44E6-8CC8-997122E53B8D}.Debug|Any CPU.Build.0 = Debug|x64
		{8FD826F8-3739-44E6-8CC8-997122E53B8D}.Debug|ARM.ActiveCfg = Debug|ARM
		{8FD826F8-3739-44E6-8CC8-997122E53B8D}.Debug|ARM.Build.0 = Debug|ARM
		{8FD826F8-3739-44E6-8CC8-997122E53B8D}.Debug|ARM64.ActiveCfg = Debug|ARM64
		{8FD826F8-3739-44E6-8CC8-997122E53B8D}.Debug|ARM64.Build.0 = Debug|ARM64
		{8FD826F8-3739-44E6-8CC8-997122E53B8D}.Debug|Mixed Platforms.ActiveCfg = Debug|x64
		{8FD826F8-3739-44E6-8CC8-997122E53B8D}.Debug|Mixed Platforms.Build.0 = Debug|x64
		{8FD826F8-3739-44E6-8CC8-997122E53B8D}.Debug|Win32.ActiveCfg = Debug|Win32
		{8FD826F8-3739-44E6-8CC8-997122E53B8D}.Debug|Win32.Build.0 = Debug|Win32
		{8FD826F8-3739-44E6-8CC8-997122E53B8D}.Debug|x64.ActiveCfg = Debug|x64
		{8FD826F8-3739-44E6-8CC8-997122E53B8D}.Debug|x64.Build.0 = Debug|x64
		{8FD826F8-3739-44E6-8CC8-997122E53B8D}.Release Library|Any CPU.ActiveCfg = ReleaseWithoutAsm|x64
		{8FD826F8-3739-44E6-8CC8-997122E53B8D}.Release Library|Any CPU.Build.0 = ReleaseWithoutAsm|x64
		{8FD826F8-3739-44E6-8CC8-997122E53B8D}.Release Library|ARM.ActiveCfg = ReleaseWithoutAsm|ARM
		{8FD826F8-3739-44E6-8CC8-997122E53B8D}.Release Library|ARM.Build.0 = ReleaseWithoutAsm|ARM
		{8FD826F8-3739-44E6-8CC8-997122E53B8D}.Release Library|ARM64.ActiveCfg = ReleaseWithoutAsm|ARM64
		{8FD826F8-3739-44E6-8CC8-997122E53B8D}.Release Library|ARM64.Build.0 = ReleaseWithoutAsm|ARM64
		{8FD826F8-3739-44E6-8CC8-997122E53B8D}.Release Library|Mixed Platforms.ActiveCfg = ReleaseWithoutAsm|x64
		{8FD826F8-3739-44E6-8CC8-997122E53B8D}.Release Library|Mixed Platforms.Build.0 = ReleaseWithoutAsm|x64
		{8FD826F8-3739-44E6-8CC8-997122E53B8D}.Release Library|Win32.ActiveCfg = ReleaseWithoutAsm|Win32
		{8FD826F8-3739-44E6-8CC8-997122E53B8D}.Release Library|Win32.Build.0 = ReleaseWithoutAsm|Win32
		{8FD826F8-3739-44E6-8CC8-997122E53B8D}.Release Library|x64.ActiveCfg = ReleaseWithoutAsm|x64
		{8FD826F8-3739-44E6-8CC8-997122E53B8D}.Release Library|x64.Build.0 = ReleaseWithoutAsm|x64
		{8FD826F8-3739-44E6-8CC8-997122E53B8D}.Release|Any CPU.ActiveCfg = Release|x64
		{8FD826F8-3739-44E6-8CC8-997122E53B8D}.Release|Any CPU.Build.0 = Release|x64
		{8FD826F8-3739-44E6-8CC8-997122E53B8D}.Release|ARM.ActiveCfg = Release|ARM
		{8FD826F8-3739-44E6-8CC8-997122E53B8D}.Release|ARM.Build.0 = Release|ARM
		{8FD826F8-3739-44E6-8CC8-997122E53B8D}.Release|ARM64.ActiveCfg = Release|ARM64
		{8FD826F8-3739-44E6-8CC8-997122E53B8D}.Release|ARM64.Build.0 = Release|ARM64
		{8FD826F8-3739-44E6-8CC8-997122E53B8D}.Release|Mixed Platforms.ActiveCfg = Release|x64
		{8FD826F8-3739-44E6-8CC8-997122E53B8D}.Release|Mixed Platforms.Build.0 = Release|x64
		{8FD826F8-3739-44E6-8CC8-997122E53B8D}.Release|Win32.ActiveCfg = Release|Win32
		{8FD826F8-3739-44E6-8CC8-997122E53B8D}.Release|Win32.Build.0 = Release|Win32
		{8FD826F8-3739-44E6-8CC8-997122E53B8D}.Release|x64.ActiveCfg = Release|x64
		{8FD826F8-3739-44E6-8CC8-997122E53B8D}.Release|x64.Build.0 = Release|x64
		{8FD826F8-3739-44E6-8CC8-997122E53B8D}.ReleaseWithoutAsm|Any CPU.ActiveCfg = ReleaseWithoutAsm|x64
		{8FD826F8-3739-44E6-8CC8-997122E53B8D}.ReleaseWithoutAsm|Any CPU.Build.0 = ReleaseWithoutAsm|x64
		{8FD826F8-3739-44E6-8CC8-997122E53B8D}.ReleaseWithoutAsm|ARM.ActiveCfg = ReleaseWithoutAsm|ARM
		{8FD826F8-3739-44E6-8CC8-997122E53B8D}.ReleaseWithoutAsm|ARM.Build.0 = ReleaseWithoutAsm|ARM
		{8FD826F8-3739-44E6-8CC8-997122E53B8D}.ReleaseWithoutAsm|ARM64.ActiveCfg = ReleaseWithoutAsm|ARM64
		{8FD826F8-3739-44E6-8CC8-997122E53B8D}.ReleaseWithoutAsm|ARM64.Build.0 = ReleaseWithoutAsm|ARM64
		{8FD826F8-3739-44E6-8CC8-997122E53B8D}.ReleaseWithoutAsm|Mixed Platforms.ActiveCfg = ReleaseWithoutAsm|x64
		{8FD826F8-3739-44E6-8CC8-997122E53B8D}.ReleaseWithoutAsm|Mixed Platforms.Build.0 = ReleaseWithoutAsm|x64
		{8FD826F8-3739-44E6-8CC8-997122E53B8D}.ReleaseWithoutAsm|Win32.ActiveCfg = ReleaseWithoutAsm|Win32
		{8FD826F8-3739-44E6-8CC8-997122E53B8D}.ReleaseWithoutAsm|Win32.Build.0 = ReleaseWithoutAsm|Win32
		{8FD826F8-3739-44E6-8CC8-997122E53B8D}.ReleaseWithoutAsm|x64.ActiveCfg = ReleaseWithoutAsm|x64
		{8FD826F8-3739-44E6-8CC8-997122E53B8D}.ReleaseWithoutAsm|x64.Build.0 = ReleaseWithoutAsm|x64
	EndGlobalSection
	GlobalSection(SolutionProperties) = preSolution
		HideSolutionNode = FALSE
	EndGlobalSection
	GlobalSection(ExtensibilityGlobals) = postSolution
		SolutionGuid = {554E6279-9AD1-4012-AD1E-B65C75EF3D98}
	EndGlobalSection
EndGlobal
